%{
  "certifi": {:hex, :certifi, "2.5.1", "867ce347f7c7d78563450a18a6a28a8090331e77fa02380b4a21962a65d36ee5", [:rebar3], [{:parse_trans, "~>3.3", [hex: :parse_trans, repo: "hexpm", optional: false]}], "hexpm", "805abd97539caf89ec6d4732c91e62ba9da0cda51ac462380bbd28ee697a8c42"},
  "circuits_gpio": {:hex, :circuits_gpio, "0.4.4", "09823645b82d84177549c9520e822ffb87d228413527f8a3134f4f436be16efe", [:make, :mix], [{:elixir_make, "~> 0.6", [hex: :elixir_make, repo: "hexpm", optional: false]}], "hexpm", "f728786456d8ee232c3ebd74b958d6d0ee022287743f1e6b9fecbb3036c352fb"},
  "circuits_spi": {:hex, :circuits_spi, "0.1.5", "5f1901c77fb982217a956498ba0d9d0d47cc58ec47731020621b5c95eee296c0", [:make, :mix], [{:elixir_make, "~> 0.6", [hex: :elixir_make, repo: "hexpm", optional: false]}], "hexpm", "134e1ded8e0379e3314a507e80a304cf5ba54edf294e157b7e7ecedcdca30dfd"},
  "combine": {:hex, :combine, "0.10.0", "eff8224eeb56498a2af13011d142c5e7997a80c8f5b97c499f84c841032e429f", [:mix], [], "hexpm", "1b1dbc1790073076580d0d1d64e42eae2366583e7aecd455d1215b0d16f2451b"},
  "dns": {:hex, :dns, "2.1.2", "81c46d39f7934f0e73368355126e4266762cf227ba61d5889635d83b2d64a493", [:mix], [{:socket, "~> 0.3.13", [hex: :socket, repo: "hexpm", optional: false]}], "hexpm", "6818589d8e59c03a2c73001e5cd7a957f99c30a796021aa32445ea14d0f3356b"},
  "elixir_make": {:hex, :elixir_make, "0.6.0", "38349f3e29aff4864352084fc736fa7fa0f2995a819a737554f7ebd28b85aaab", [:mix], [], "hexpm", "d522695b93b7f0b4c0fcb2dfe73a6b905b1c301226a5a55cb42e5b14d509e050"},
  "font_metrics": {:hex, :font_metrics, "0.3.1", "025ff9957040eb4d6430c306a4445bad5d9f43ec24448c1647df7cb63b5dd88c", [:mix], [{:msgpax, "~> 2.2", [hex: :msgpax, repo: "hexpm", optional: false]}], "hexpm", "6dff6525d49d84173ce20b4cba2457b2289e83bcc2be19c2aa761dbe9f631033"},
  "gettext": {:hex, :gettext, "0.17.4", "f13088e1ec10ce01665cf25f5ff779e7df3f2dc71b37084976cf89d1aa124d5c", [:mix], [], "hexpm", "3c75b5ea8288e2ee7ea503ff9e30dfe4d07ad3c054576a6e60040e79a801e14d"},
  "hackney": {:hex, :hackney, "1.15.2", "07e33c794f8f8964ee86cebec1a8ed88db5070e52e904b8f12209773c1036085", [:rebar3], [{:certifi, "2.5.1", [hex: :certifi, repo: "hexpm", optional: false]}, {:idna, "6.0.0", [hex: :idna, repo: "hexpm", optional: false]}, {:metrics, "1.0.1", [hex: :metrics, repo: "hexpm", optional: false]}, {:mimerl, "~>1.1", [hex: :mimerl, repo: "hexpm", optional: false]}, {:ssl_verify_fun, "1.1.5", [hex: :ssl_verify_fun, repo: "hexpm", optional: false]}], "hexpm", "e0100f8ef7d1124222c11ad362c857d3df7cb5f4204054f9f0f4a728666591fc"},
  "idna": {:hex, :idna, "6.0.0", "689c46cbcdf3524c44d5f3dde8001f364cd7608a99556d8fbd8239a5798d4c10", [:rebar3], [{:unicode_util_compat, "0.4.1", [hex: :unicode_util_compat, repo: "hexpm", optional: false]}], "hexpm", "4bdd305eb64e18b0273864920695cb18d7a2021f31a11b9c5fbcd9a253f936e2"},
  "inky": {:hex, :inky, "1.0.1", "241cc1609c3eca5163659033bbe0d78689571eeae27c4ade322ee0d8d0495983", [:mix], [{:circuits_gpio, "~> 0.4", [hex: :circuits_gpio, repo: "hexpm", optional: false]}, {:circuits_spi, "~> 0.1", [hex: :circuits_spi, repo: "hexpm", optional: false]}], "hexpm", "0eea34030261e4b7d44ef8931732be1fae2e644d435c1971092cb0e35dba7ffb"},
  "inky_host_dev": {:hex, :inky_host_dev, "1.0.0", "61710408f4e2f2832d32ed58756c9170c52544cbcd66993d2a9b42c241a61c6b", [:mix], [], "hexpm", "aa02ef5d3ada4980e731bd4f9638648f80772cae27e003d0f8514d435eb624b2"},
  "jason": {:hex, :jason, "1.1.2", "b03dedea67a99223a2eaf9f1264ce37154564de899fd3d8b9a21b1a6fd64afe7", [:mix], [{:decimal, "~> 1.0", [hex: :decimal, repo: "hexpm", optional: true]}], "hexpm", "fdf843bca858203ae1de16da2ee206f53416bbda5dc8c9e78f43243de4bc3afe"},
  "mdns": {:hex, :mdns, "1.0.3", "f08414daf5636bf5cd364611e838818e9250c91a3282a817ad9174b03e757401", [:mix], [{:dns, "~> 2.0", [hex: :dns, repo: "hexpm", optional: false]}], "hexpm", "6cb44eac9d1d71d0c5b400a383ccdc2b474d2e89a49a1e049e496637a6bab4c1"},
  "metrics": {:hex, :metrics, "1.0.1", "25f094dea2cda98213cecc3aeff09e940299d950904393b2a29d191c346a8486", [:rebar3], [], "hexpm", "69b09adddc4f74a40716ae54d140f93beb0fb8978d8636eaded0c31b6f099f16"},
  "mimerl": {:hex, :mimerl, "1.2.0", "67e2d3f571088d5cfd3e550c383094b47159f3eee8ffa08e64106cdf5e981be3", [:rebar3], [], "hexpm", "f278585650aa581986264638ebf698f8bb19df297f66ad91b18910dfc6e19323"},
  "msgpax": {:hex, :msgpax, "2.2.4", "7b3790ef684089076b63c0f08c2f4b079c6311daeb006b69e4ed2bf67518291e", [:mix], [{:plug, "~> 1.0", [hex: :plug, repo: "hexpm", optional: true]}], "hexpm", "b351b6d992d79624a8430a99d21a41b36b1b90edf84326a294e9f4a2de11f089"},
  "muontrap": {:hex, :muontrap, "0.5.1", "98fe96d0e616ee518860803a37a29eb23ffc2ca900047cb1bb7fd37521010093", [:make, :mix], [{:elixir_make, "~> 0.6", [hex: :elixir_make, repo: "hexpm", optional: false]}], "hexpm", "3c11b7f151b202148912c73cbdd633b76fa68fabc26cc441c9d6d140e22290dc"},
  "nerves": {:hex, :nerves, "1.5.4", "d5a2a29a642e92277d5680f40d0fadff17796e75faa82de87ba0bc920ffcf818", [:mix], [{:distillery, "~> 2.1", [hex: :distillery, repo: "hexpm", optional: true]}, {:jason, "~> 1.0", [hex: :jason, repo: "hexpm", optional: true]}], "hexpm", "283ce855f369ff209f3358d25e58f1ac941d58aef3ce7e8cc0be9919d25bf4f5"},
  "nerves_firmware_ssh": {:hex, :nerves_firmware_ssh, "0.4.4", "12b0d9c84ec9f79c1b0ac0de1c575372ef972d0c58ce21c36bf354062c6222d9", [:mix], [{:nerves_runtime, "~> 0.6", [hex: :nerves_runtime, repo: "hexpm", optional: false]}], "hexpm", "98c40104d0d2c6e6e8cce22f8c8fd8ad5b4b97f8694e42a9101ca44befac38f0"},
  "nerves_init_gadget": {:hex, :nerves_init_gadget, "0.7.0", "7402b190a7354fc4df53e707e1a8e421352ac6c3dba4262273d1f1a55bbb019b", [:mix], [{:mdns, "~> 1.0", [hex: :mdns, repo: "hexpm", optional: false]}, {:nerves_firmware_ssh, "~> 0.2", [hex: :nerves_firmware_ssh, repo: "hexpm", optional: false]}, {:nerves_network, "~> 0.3", [hex: :nerves_network, repo: "hexpm", optional: false]}, {:nerves_runtime, "~> 0.3", [hex: :nerves_runtime, repo: "hexpm", optional: false]}, {:nerves_time, "~> 0.2", [hex: :nerves_time, repo: "hexpm", optional: false]}, {:one_dhcpd, "~> 0.1", [hex: :one_dhcpd, repo: "hexpm", optional: false]}, {:ring_logger, "~> 0.4", [hex: :ring_logger, repo: "hexpm", optional: false]}], "hexpm", "989df1fd939545ae3f1a7185d7447273f7700b0a0bc204fbb1b18e03e6d38ad3"},
  "nerves_network": {:hex, :nerves_network, "0.5.5", "4690c362707f76c4072810bd9639b2ae8eb7dd9c21119656308b462a087230aa", [:make, :mix], [{:elixir_make, "~> 0.5", [hex: :elixir_make, repo: "hexpm", optional: false]}, {:nerves_network_interface, "~> 0.4.4", [hex: :nerves_network_interface, repo: "hexpm", optional: false]}, {:nerves_wpa_supplicant, "~> 0.5", [hex: :nerves_wpa_supplicant, repo: "hexpm", optional: false]}, {:one_dhcpd, "~> 0.2.0", [hex: :one_dhcpd, repo: "hexpm", optional: false]}, {:system_registry, "~> 0.7", [hex: :system_registry, repo: "hexpm", optional: false]}], "hexpm", "5e63529c6e128d147f5a6df82bd7daffd211057b8ac0c8ba625939a7fde9ccff"},
  "nerves_network_interface": {:hex, :nerves_network_interface, "0.4.6", "d50e57daca8154f0f780fd98eb5ae94a005579e0d72d69840e80e228375d88ad", [:make, :mix], [{:elixir_make, "~> 0.5", [hex: :elixir_make, repo: "hexpm", optional: false]}], "hexpm", "94eb89db67ceb17a7f3465d55c05b00e8d8cf10aa812556745ce0c06868768d3"},
  "nerves_runtime": {:hex, :nerves_runtime, "0.11.0", "96787c3935ec1a4943c8fcd63ce6ed1f2301f5f28eac41db800f3fafe0043f1f", [:make, :mix], [{:elixir_make, "~> 0.6", [hex: :elixir_make, repo: "hexpm", optional: false]}, {:system_registry, "~> 0.8.0", [hex: :system_registry, repo: "hexpm", optional: false]}, {:uboot_env, "~> 0.1.1", [hex: :uboot_env, repo: "hexpm", optional: false]}], "hexpm", "7adc7f7163422bddd569daadcb5d9ceb3010687afcba9f3c147ad17361417d7e"},
  "nerves_system_bbb": {:hex, :nerves_system_bbb, "2.5.2", "9fb8744f61bfcca57e8a2c9273ff7fe484e329b15275fadcbec3a910a6b8ac11", [:mix], [{:nerves, "~> 1.5.0", [hex: :nerves, repo: "hexpm", optional: false]}, {:nerves_system_br, "1.10.2", [hex: :nerves_system_br, repo: "hexpm", optional: false]}, {:nerves_system_linter, "~> 0.3.0", [hex: :nerves_system_linter, repo: "hexpm", optional: false]}, {:nerves_toolchain_arm_unknown_linux_gnueabihf, "1.2.0", [hex: :nerves_toolchain_arm_unknown_linux_gnueabihf, repo: "hexpm", optional: false]}], "hexpm", "210fb7dd964cd6c5d2f9171d5198cf6d2ec52e0355351cabe6f329a7156064b3"},
  "nerves_system_br": {:hex, :nerves_system_br, "1.10.2", "2cbf767e9da2c526c3a00720a3f7212b861735fed41f3abcbc2af4a960731d7c", [:mix], [], "hexpm", "e344a65a27c116aacbd8d165920af54bf436edcdcf7db91aa4a39f491fcffe31"},
  "nerves_system_linter": {:hex, :nerves_system_linter, "0.3.0", "84e0f63c8ac196b16b77608bbe7df66dcf352845c4e4fb394bffd2b572025413", [:mix], [], "hexpm", "bffbdfb116bc72cde6e408c34c0670b199846e9a8f0953cc1c9f1eea693821a1"},
  "nerves_system_rpi": {:hex, :nerves_system_rpi, "1.10.2", "b30bfa5470a2ac97aa200dbceee4261c625c5d18f241c684cb0477bf6acca07d", [:mix], [{:nerves, "~> 1.5.0", [hex: :nerves, repo: "hexpm", optional: false]}, {:nerves_system_br, "1.10.2", [hex: :nerves_system_br, repo: "hexpm", optional: false]}, {:nerves_system_linter, "~> 0.3.0", [hex: :nerves_system_linter, repo: "hexpm", optional: false]}, {:nerves_toolchain_armv6_rpi_linux_gnueabi, "1.2.0", [hex: :nerves_toolchain_armv6_rpi_linux_gnueabi, repo: "hexpm", optional: false]}], "hexpm", "7548bf9a99be7ceef723ca016317aaeed8ff4dc8009f557ae53df8eac651d077"},
  "nerves_system_rpi0": {:hex, :nerves_system_rpi0, "1.10.2", "5d4dbc3163d3a798bb7c2f52555e4b11cb1beab9e4ef325272aa15cd2cc5119a", [:mix], [{:nerves, "~> 1.5.0", [hex: :nerves, repo: "hexpm", optional: false]}, {:nerves_system_br, "1.10.2", [hex: :nerves_system_br, repo: "hexpm", optional: false]}, {:nerves_system_linter, "~> 0.3.0", [hex: :nerves_system_linter, repo: "hexpm", optional: false]}, {:nerves_toolchain_armv6_rpi_linux_gnueabi, "1.2.0", [hex: :nerves_toolchain_armv6_rpi_linux_gnueabi, repo: "hexpm", optional: false]}], "hexpm", "834de3a59448ea756724a70ccf177a948fd1e12f3229ab3f294469b64e20f0ee"},
  "nerves_system_rpi2": {:hex, :nerves_system_rpi2, "1.10.2", "d4ddc6e0fd85f48b2aba5a3c582d3f571bc84fabe9dbcc7e9d48a3624572dc98", [:mix], [{:nerves, "~> 1.5.0", [hex: :nerves, repo: "hexpm", optional: false]}, {:nerves_system_br, "1.10.2", [hex: :nerves_system_br, repo: "hexpm", optional: false]}, {:nerves_system_linter, "~> 0.3.0", [hex: :nerves_system_linter, repo: "hexpm", optional: false]}, {:nerves_toolchain_arm_unknown_linux_gnueabihf, "1.2.0", [hex: :nerves_toolchain_arm_unknown_linux_gnueabihf, repo: "hexpm", optional: false]}], "hexpm", "53dd43843cdf4e98dc7453c981aab69fa84449a09de414a291dd23aecc7d8721"},
  "nerves_system_rpi3": {:hex, :nerves_system_rpi3, "1.10.2", "a5efd36ce80940c427c386383cf0ba1d97b839822639573d3788e7cc25febf81", [:mix], [{:nerves, "~> 1.5.0", [hex: :nerves, repo: "hexpm", optional: false]}, {:nerves_system_br, "1.10.2", [hex: :nerves_system_br, repo: "hexpm", optional: false]}, {:nerves_system_linter, "~> 0.3.0", [hex: :nerves_system_linter, repo: "hexpm", optional: false]}, {:nerves_toolchain_arm_unknown_linux_gnueabihf, "1.2.0", [hex: :nerves_toolchain_arm_unknown_linux_gnueabihf, repo: "hexpm", optional: false]}], "hexpm", "12f73065b61d87d0cda023424cf91e37fd64957f726380994c12a8d0fddca5a3"},
  "nerves_system_rpi3a": {:hex, :nerves_system_rpi3a, "1.10.2", "f084f2c382500179e762e6e8b0750f34b8741d4f451cfbdb9eff99a694b916ee", [:mix], [{:nerves, "~> 1.5.0", [hex: :nerves, repo: "hexpm", optional: false]}, {:nerves_system_br, "1.10.2", [hex: :nerves_system_br, repo: "hexpm", optional: false]}, {:nerves_system_linter, "~> 0.3.0", [hex: :nerves_system_linter, repo: "hexpm", optional: false]}, {:nerves_toolchain_arm_unknown_linux_gnueabihf, "1.2.0", [hex: :nerves_toolchain_arm_unknown_linux_gnueabihf, repo: "hexpm", optional: false]}], "hexpm", "26112289a7064c2a11f942e36ae02c69a54e2a9e97fe0194b885a46241073541"},
  "nerves_system_rpi4": {:hex, :nerves_system_rpi4, "1.10.2", "af0f7d1985d849f571fd300f8e4f9e16dec6e82f0d7f1a67b293fd0f79c4d5d2", [:mix], [{:nerves, "~> 1.5", [hex: :nerves, repo: "hexpm", optional: false]}, {:nerves_system_br, "1.10.2", [hex: :nerves_system_br, repo: "hexpm", optional: false]}, {:nerves_system_linter, "~> 0.3.0", [hex: :nerves_system_linter, repo: "hexpm", optional: false]}, {:nerves_toolchain_arm_unknown_linux_gnueabihf, "1.2.0", [hex: :nerves_toolchain_arm_unknown_linux_gnueabihf, repo: "hexpm", optional: false]}], "hexpm", "f146d4db7ec7623af2706b5d7fb2f27b5235019fe437d01223d02cfca0404d45"},
  "nerves_system_x86_64": {:hex, :nerves_system_x86_64, "1.10.2", "20f0660c86616a9e0d373ef1e98068a7f05a1ccdd2b4282df2365f70a70ce194", [:mix], [{:nerves, "~> 1.5.0", [hex: :nerves, repo: "hexpm", optional: false]}, {:nerves_system_br, "1.10.2", [hex: :nerves_system_br, repo: "hexpm", optional: false]}, {:nerves_system_linter, "~> 0.3.0", [hex: :nerves_system_linter, repo: "hexpm", optional: false]}, {:nerves_toolchain_x86_64_unknown_linux_musl, "1.2.0", [hex: :nerves_toolchain_x86_64_unknown_linux_musl, repo: "hexpm", optional: false]}], "hexpm", "57359eb25f0d0bfccfd73ff9a590b0c53c8bec328325330804a22af80453ed38"},
  "nerves_time": {:hex, :nerves_time, "0.3.2", "cbd1048701a756695cda6ec5835419e47505a7fe437f97088c9475dc6f8ab625", [:make, :mix], [{:elixir_make, "~> 0.6", [hex: :elixir_make, repo: "hexpm", optional: false]}, {:muontrap, "~> 0.5", [hex: :muontrap, repo: "hexpm", optional: false]}], "hexpm", "b2da78b6d98775c29a7bd296d4b293a89a849a0fed2a685774892b50b2b63444"},
  "nerves_toolchain_arm_unknown_linux_gnueabihf": {:hex, :nerves_toolchain_arm_unknown_linux_gnueabihf, "1.2.0", "ba48ce7c846ee12dfca8148dc7240988d96a3f2eb9c234bf08bffe4f0f7a3c62", [:mix], [{:nerves, "~> 1.0", [hex: :nerves, repo: "hexpm", optional: false]}, {:nerves_toolchain_ctng, "~> 1.6.0", [hex: :nerves_toolchain_ctng, repo: "hexpm", optional: false]}], "hexpm", "18df425fee48a9088bf941d3615c677b818b537310123c4b4c90b710e4a34180"},
  "nerves_toolchain_armv6_rpi_linux_gnueabi": {:hex, :nerves_toolchain_armv6_rpi_linux_gnueabi, "1.2.0", "007668c7ad1f73bad8fd54ad1a27a3b0fb91bca51b4af6bb3bbdac968ccae0ba", [:mix], [{:nerves, "~> 1.0", [hex: :nerves, repo: "hexpm", optional: false]}, {:nerves_toolchain_ctng, "~> 1.6.0", [hex: :nerves_toolchain_ctng, repo: "hexpm", optional: false]}], "hexpm", "4e843f405d4b8e6137419f94e5b8f491bff5a87b02ac2223e126182e8cec4256"},
  "nerves_toolchain_ctng": {:hex, :nerves_toolchain_ctng, "1.6.0", "452f8589c1a58ac787477caab20a8cfc6671e345837ccc19beefe49ae35ba983", [:mix], [{:nerves, "~> 1.0", [hex: :nerves, repo: "hexpm", optional: false]}], "hexpm", "7ee5744dc606c6debf3e459ef122e77c13d6a1be9e093f7e29af3759896f9dbb"},
  "nerves_toolchain_x86_64_unknown_linux_musl": {:hex, :nerves_toolchain_x86_64_unknown_linux_musl, "1.2.0", "fbe688fa561b03190765e269d4336333c4961a48d2acd3f6cb283443a058e138", [:mix], [{:nerves, "~> 1.0", [hex: :nerves, repo: "hexpm", optional: false]}, {:nerves_toolchain_ctng, "~> 1.6.0", [hex: :nerves_toolchain_ctng, repo: "hexpm", optional: false]}], "hexpm", "9cb676b7fb7a4564b18e1e16f72bc64f06f77346a477033fde6e4c2d1cc2ecff"},
  "nerves_wpa_supplicant": {:hex, :nerves_wpa_supplicant, "0.5.2", "4ec392fc08faf35f50d1070446c2e5019f6b85bd53f5716f904e3f75716d9596", [:make, :mix], [{:elixir_make, "~> 0.5", [hex: :elixir_make, repo: "hexpm", optional: false]}], "hexpm", "c286ed5397fa185ab986226596eeb72d8f5f9f1b1156103418193f85905da713"},
  "one_dhcpd": {:hex, :one_dhcpd, "0.2.4", "2664f2e1ac72cbae0474a88d1a3d55019ccc3ee582ded382589511627a8ed516", [:make, :mix], [{:elixir_make, "~> 0.6", [hex: :elixir_make, repo: "hexpm", optional: false]}], "hexpm", "38f08c228d066153dbe352b150910345e395eacd2db3c19085d54c0baeeebacb"},
  "parse_trans": {:hex, :parse_trans, "3.3.0", "09765507a3c7590a784615cfd421d101aec25098d50b89d7aa1d66646bc571c1", [:rebar3], [], "hexpm", "17ef63abde837ad30680ea7f857dd9e7ced9476cdd7b0394432af4bfc241b960"},
  "ring_logger": {:hex, :ring_logger, "0.8.0", "b1baddc269099b2afe2ea3a87b8e2b71e57331c0000038ae55090068aac679db", [:mix], [], "hexpm", "9b2f482e4346c13c11ef555f898202d0ddbfda6e2354e5c6e0559d2b4e0cf781"},
  "rpi_fb_capture": {:hex, :rpi_fb_capture, "0.3.0", "28ffa73d0bb7570f0eaffd77139ed473831778ddac8e964bed9779eabb70b16d", [:make, :mix], [{:elixir_make, "~> 0.6", [hex: :elixir_make, repo: "hexpm", optional: false]}], "hexpm", "eb68473f125bdf663d3b7d26c5c0bc1d8da7ce68e6d0e180de9ee53acbcd9232"},
  "scenic": {:hex, :scenic, "0.10.2", "f4f0a00eed677ac50a7b297375c0323d03f4273580f17c50b877abfaf0c6dc1f", [:make, :mix], [{:elixir_make, "~> 0.5", [hex: :elixir_make, repo: "hexpm", optional: false]}, {:font_metrics, "~> 0.3", [hex: :font_metrics, repo: "hexpm", optional: false]}], "hexpm", "6f1445a77b9ad6bac73ef0677a6c133685042eb69cc666b1516a0a037a76e8f4"},
  "scenic_driver_glfw": {:hex, :scenic_driver_glfw, "0.10.1", "df7a11bc1d23415dd48c7796a70a6ad98b9cf77554078d79115d6c6e58b87eda", [:make, :mix], [{:elixir_make, "~> 0.6", [hex: :elixir_make, repo: "hexpm", optional: false]}, {:scenic, "~> 0.10", [hex: :scenic, repo: "hexpm", optional: false]}], "hexpm", "d2f2ef0a1d099a6e1904616c0a95ff0fc554342cf7936e6bb73c2d7027e7557e"},
  "scenic_driver_inky": {:hex, :scenic_driver_inky, "1.0.0", "320131912311f1837a4f010ab79a1348ffcd870e576c8a6d232b4feb688a343c", [:mix], [{:inky, "~> 1.0.0", [hex: :inky, repo: "hexpm", optional: false]}, {:rpi_fb_capture, "~> 0.1", [hex: :rpi_fb_capture, repo: "hexpm", optional: false]}, {:scenic, "~> 0.9", [hex: :scenic, repo: "hexpm", optional: false]}, {:scenic_driver_nerves_rpi, "~> 0.9", [hex: :scenic_driver_nerves_rpi, repo: "hexpm", optional: false]}], "hexpm", "df6bc66f70bab50c01b2bdc89f539dab8e053cfc00ed0be13f652d9fe83ba14c"},
  "scenic_driver_nerves_rpi": {:hex, :scenic_driver_nerves_rpi, "0.10.1", "1479d24b9e91e989eef28d6bc6be6cb864e7a60cfb831bef53ead6a37b1502ac", [:make, :mix], [{:elixir_make, "~> 0.6", [hex: :elixir_make, repo: "hexpm", optional: false]}, {:scenic, "~> 0.10", [hex: :scenic, repo: "hexpm", optional: false]}], "hexpm", "4a3995b3eb4a246fa9e1f282b56885a1f2bc41a6bf57bd98ce10437365f6fa35"},
  "shoehorn": {:hex, :shoehorn, "0.6.0", "f9a1b7d6212cf18ba91c4f71c26076059df33cea4db2eb3c098bfa6673349412", [:mix], [{:distillery, "~> 2.1", [hex: :distillery, repo: "hexpm", optional: true]}], "hexpm", "e54a1f58a121caf8f0f3a355686b2661258b1bc0d4fffef8923bd7b11c2f9d79"},
  "socket": {:hex, :socket, "0.3.13", "98a2ab20ce17f95fb512c5cadddba32b57273e0d2dba2d2e5f976c5969d0c632", [:mix], [], "hexpm", "f82ea9833ef49dde272e6568ab8aac657a636acb4cf44a7de8a935acb8957c2e"},
  "ssl_verify_fun": {:hex, :ssl_verify_fun, "1.1.5", "6eaf7ad16cb568bb01753dbbd7a95ff8b91c7979482b95f38443fe2c8852a79b", [:make, :mix, :rebar3], [], "hexpm", "13104d7897e38ed7f044c4de953a6c28597d1c952075eb2e328bc6d6f2bfc496"},
  "system_registry": {:hex, :system_registry, "0.8.2", "df791dc276652fcfb53be4dab823e05f8269b96ac57c26f86a67838dbc0eefe7", [:mix], [], "hexpm", "f7acdede22c73ab0b3735eead7f2095efb2a7a6198366564205274db2ca2a8f8"},
  "timex": {:hex, :timex, "3.6.1", "efdf56d0e67a6b956cc57774353b0329c8ab7726766a11547e529357ffdc1d56", [:mix], [{:combine, "~> 0.10", [hex: :combine, repo: "hexpm", optional: false]}, {:gettext, "~> 0.10", [hex: :gettext, repo: "hexpm", optional: false]}, {:tzdata, "~> 0.1.8 or ~> 0.5 or ~> 1.0.0", [hex: :tzdata, repo: "hexpm", optional: false]}], "hexpm", "f354efb2400dd7a80fd9eb6c8419068c4f632da4ac47f3d8822d6e33f08bc852"},
  "toolshed": {:hex, :toolshed, "0.2.11", "0cd5312bd6a48f5b654b6ffa9239a63af9f3d200da414790fe25f066e14842a9", [:mix], [{:nerves_runtime, "~> 0.8", [hex: :nerves_runtime, repo: "hexpm", optional: true]}], "hexpm", "f22ae95d77136f9f7db93cddd40d42bc8252d825f15a772a17d4c7947b6faad5"},
  "tzdata": {:hex, :tzdata, "1.0.3", "73470ad29dde46e350c60a66e6b360d3b99d2d18b74c4c349dbebbc27a09a3eb", [:mix], [{:hackney, "~> 1.0", [hex: :hackney, repo: "hexpm", optional: false]}], "hexpm", "a6e1ee7003c4d04ecbd21dd3ec690d4c6662db5d3bbdd7262d53cdf5e7c746c1"},
  "uboot_env": {:hex, :uboot_env, "0.1.1", "b01e3ec0973e99473234f27839e29e63b5b81eba6a136a18a78d049d4813d6c5", [:mix], [], "hexpm", "f7b82da0cb40c8db9c9fb1fc977780ab0c28d961ec1f3c7ab265c4352e4141ae"},
  "unicode_util_compat": {:hex, :unicode_util_compat, "0.4.1", "d869e4c68901dd9531385bb0c8c40444ebf624e60b6962d95952775cac5e90cd", [:rebar3], [], "hexpm", "1d1848c40487cdb0b30e8ed975e34e025860c02e419cb615d255849f3427439d"},
}
